{
  "plugin_type": "extractors",
  "name": "tap-linkedin-ads",
  "namespace": "tap_linkedin_ads",
  "variant": "matatika",
  "label": "LinkedIn Ads",
  "docs": "https://www.matatika.com/data-details/tap-linkedin-ads/",
  "repo": "https://github.com/Matatika/tap-linkedin-ads",
  "pip_url": "git+https://github.com/Matatika/tap-linkedin-ads.git",
  "description": "LinkedIn Ads is a platform for advertising on LinkedIn that allows businesses to target specific audiences with their ads.\n\nLinkedIn Ads is a self-service advertising platform that enables businesses to create and display ads to a targeted audience on LinkedIn. The platform offers a variety of ad formats, including sponsored content, sponsored InMail, and display ads, and allows businesses to target their ads based on factors such as job title, company size, industry, and location. With LinkedIn Ads, businesses can increase their brand awareness, generate leads, and drive website traffic by reaching the right people at the right time. The platform also provides detailed analytics and reporting to help businesses measure the success of their campaigns and optimize their ad performance.\n### Prerequisites\nTo obtain the required settings for connecting to LinkedIn Ads, follow these steps:\n\n1. Accounts: You will need to have a LinkedIn Ads account to obtain the necessary account information. If you don't have an account, you can create one by visiting the LinkedIn Ads website and signing up.\n\n2. Access Token: To obtain an access token, you will need to create a LinkedIn App and authenticate it with your LinkedIn Ads account. You can do this by visiting the LinkedIn Developer website and following the instructions to create a new app. Once you have created the app, you can obtain an access token by following the authentication process.\n\n3. User Agent: The user agent is a string that identifies the browser or application making the request. You can set the user agent to any string you like, but it should be descriptive enough to identify your application. You can obtain the user agent string by checking the documentation for the programming language or library you are using to connect to the LinkedIn Ads API.",
  "logo_url": "/assets/logos/extractors/linkedin-ads.png",
  "capabilities": [
    "state",
    "discover",
    "catalog"
  ],
  "settings": [
    {
      "name": "oauth_credentials.authorization_url",
      "kind": "string",
      "value": "https://www.linkedin.com/oauth/v2/authorization",
      "label": "OAuth identity provider authorization endpoint used create and refresh tokens",
      "description": "The endpoint used to create and refresh OAuth tokens.",
      "hidden": true,
      "sensitive": false,
      "required": "true",
      "configured": false,
      "protected": false
    },
    {
      "name": "oauth_credentials.scope",
      "kind": "string",
      "value": "r_basicprofile r_1st_connections_size r_organization_admin r_ads r_ads_reporting r_organization_social",
      "label": "OAuth scopes we need to request access to",
      "description": "The specific permissions we need to request access to in order to use the LinkedIn API.",
      "hidden": true,
      "sensitive": false,
      "required": "true",
      "configured": false,
      "protected": false
    },
    {
      "name": "oauth_credentials.access_token",
      "kind": "string",
      "label": "Access Token",
      "description": "The token used to authenticate and authorize API requests.",
      "hidden": true,
      "sensitive": true,
      "required": "true",
      "configured": false,
      "protected": false
    },
    {
      "name": "oauth_credentials.refresh_token",
      "kind": "string",
      "label": "OAuth Refresh Token",
      "description": "The token used to refresh the access token when it expires.",
      "hidden": true,
      "sensitive": false,
      "required": "false",
      "configured": false,
      "protected": false
    },
    {
      "name": "oauth_credentials.refresh_proxy_url",
      "kind": "string",
      "label": "Optional - will be called with 'oauth_credentials.refresh_token' to refresh the access token",
      "description": "An optional function that will be called to refresh the access token using the refresh token.",
      "hidden": true,
      "sensitive": false,
      "configured": false,
      "protected": false
    },
    {
      "name": "oauth_credentials.refresh_proxy_url_auth",
      "kind": "string",
      "label": "Optional - Sets Authorization header on 'oauth_credentials.refresh_url' request",
      "description": "An optional setting that sets the Authorization header on the request to refresh the access token.",
      "hidden": true,
      "sensitive": false,
      "configured": false,
      "protected": false
    },
    {
      "name": "access_token",
      "aliases": [
        "oauth_credentials.access_token"
      ],
      "kind": "string",
      "label": "Access Token",
      "description": "A token that grants access to your LinkedIn Ads account data.",
      "hidden": true,
      "sensitive": true,
      "required": "false",
      "configured": false,
      "protected": false
    },
    {
      "name": "start_date",
      "kind": "date_iso8601",
      "label": "Start Date",
      "description": "The date from which to start retrieving data.",
      "hidden": false,
      "sensitive": false,
      "required": "true",
      "configured": false,
      "protected": false
    },
    {
      "name": "user_agent",
      "kind": "string",
      "value": "tap_linkedin_ads--matatika",
      "label": "User Agent",
      "description": "A string that identifies the client making the API request.",
      "hidden": true,
      "sensitive": false,
      "configured": false,
      "protected": false
    },
    {
      "name": "linkedin_version",
      "kind": "string",
      "value": "202601",
      "label": "LinkedIn API Version",
      "description": "The LinkedIn API version to use.",
      "hidden": false,
      "sensitive": false,
      "configured": false,
      "protected": false
    }
  ]
}
